
Microsoft Visual Studio Solution File, Format Version 12.00
# Visual Studio 2012
Project("{FAE04EC0-301F-11D3-BF4B-00C04F79EFBC}") = "ImageBoard", "ImageBoard\ImageBoard.csproj", "{8AF79FF9-92DC-4060-B2E2-33960334C31E}"
EndProject
Project("{FAE04EC0-301F-11D3-BF4B-00C04F79EFBC}") = "ImageBoard.Tests", "ImageBoard.Tests\ImageBoard.Tests.csproj", "{22EB41E4-9FE6-405D-A4F6-4A1B8A1D0F20}"
EndProject
Global
	GlobalSection(SolutionConfigurationPlatforms) = preSolution
		Debug|Any CPU = Debug|Any CPU
		Release|Any CPU = Release|Any CPU
	EndGlobalSection
	GlobalSection(ProjectConfigurationPlatforms) = postSolution
		{8AF79FF9-92DC-4060-B2E2-33960334C31E}.Debug|Any CPU.ActiveCfg = Debug|Any CPU
		{8AF79FF9-92DC-4060-B2E2-33960334C31E}.Debug|Any CPU.Build.0 = Debug|Any CPU
		{8AF79FF9-92DC-4060-B2E2-33960334C31E}.Release|Any CPU.ActiveCfg = Release|Any CPU
		{8AF79FF9-92DC-4060-B2E2-33960334C31E}.Release|Any CPU.Build.0 = Release|Any CPU
		{22EB41E4-9FE6-405D-A4F6-4A1B8A1D0F20}.Debug|Any CPU.ActiveCfg = Debug|Any CPU
		{22EB41E4-9FE6-405D-A4F6-4A1B8A1D0F20}.Debug|Any CPU.Build.0 = Debug|Any CPU
		{22EB41E4-9FE6-405D-A4F6-4A1B8A1D0F20}.Release|Any CPU.ActiveCfg = Release|Any CPU
		{22EB41E4-9FE6-405D-A4F6-4A1B8A1D0F20}.Release|Any CPU.Build.0 = Release|Any CPU
	EndGlobalSection
	GlobalSection(SolutionProperties) = preSolution
		HideSolutionNode = FALSE
	EndGlobalSection
EndGlobal
